<?xml version="1.0" encoding="utf-8"?>
<Project ToolsVersion="4.0" xmlns="http://schemas.microsoft.com/developer/msbuild/2003">
  <ItemGroup>
    <Filter Include="Source Files">
      <UniqueIdentifier>{4FC737F1-C7A5-4376-A066-2A32D752A2FF}</UniqueIdentifier>
      <Extensions>cpp;c;cc;cxx;c++;cppm;ixx;def;odl;idl;hpj;bat;asm;asmx</Extensions>
    </Filter>
    <Filter Include="Header Files">
      <UniqueIdentifier>{93995380-89BD-4b04-88EB-625FBE52EBFB}</UniqueIdentifier>
      <Extensions>h;hh;hpp;hxx;h++;hm;inl;inc;ipp;xsd</Extensions>
    </Filter>
    <Filter Include="Resource Files">
      <UniqueIdentifier>{67DA6AB6-F800-4c08-8B7A-83BB121AAD01}</UniqueIdentifier>
      <Extensions>rc;ico;cur;bmp;dlg;rc2;rct;bin;rgs;gif;jpg;jpeg;jpe;resx;tiff;tif;png;wav;mfcribbon-ms</Extensions>
    </Filter>
    <Filter Include="Header Files\Model">
      <UniqueIdentifier>{39873ed0-99ce-4e18-b208-4c9f8cb00b6e}</UniqueIdentifier>
    </Filter>
    <Filter Include="Header Files\Connection">
      <UniqueIdentifier>{6d7c0ca0-3a51-4740-8918-7b0b59ffec8b}</UniqueIdentifier>
    </Filter>
    <Filter Include="Header Files\Pages">
      <UniqueIdentifier>{e684d010-af6d-4d71-8a82-6f59d302503c}</UniqueIdentifier>
    </Filter>
  </ItemGroup>
  <ItemGroup>
    <ClInclude Include="AssistanceTypeForm.h">
      <Filter>Header Files</Filter>
    </ClInclude>
    <ClInclude Include="TodayViewForm.h">
      <Filter>Header Files</Filter>
    </ClInclude>
    <ClInclude Include="EditAssistanceForm.h">
      <Filter>Header Files</Filter>
    </ClInclude>
    <ClInclude Include="SearchCaseForm.h">
      <Filter>Header Files</Filter>
    </ClInclude>
    <ClInclude Include="ReportsForm.h">
      <Filter>Header Files</Filter>
    </ClInclude>
    <ClInclude Include="Cases.h">
      <Filter>Header Files\Model</Filter>
    </ClInclude>
    <ClInclude Include="Connection.h">
      <Filter>Header Files\Connection</Filter>
    </ClInclude>
    <ClInclude Include="SeasonalFinancialAid.h">
      <Filter>Header Files\Model</Filter>
    </ClInclude>
    <ClInclude Include="MainForm.h">
      <Filter>Header Files</Filter>
    </ClInclude>
    <ClInclude Include="AddCaseForm.h">
      <Filter>Header Files</Filter>
    </ClInclude>
    <ClInclude Include="SelectAidForm.h">
      <Filter>Header Files</Filter>
    </ClInclude>
    <ClInclude Include="ShowCases.h">
      <Filter>Header Files\Pages</Filter>
    </ClInclude>
    <ClInclude Include="CaseProfile.h">
      <Filter>Header Files\Pages</Filter>
    </ClInclude>
    <ClInclude Include="AddAidPage.h">
      <Filter>Header Files\Pages</Filter>
    </ClInclude>
    <ClInclude Include="Aid.h">
      <Filter>Header Files</Filter>
    </ClInclude>
  </ItemGroup>
  <ItemGroup>
    <ClCompile Include="main.cpp">
      <Filter>Source Files</Filter>
    </ClCompile>
    <ClCompile Include="AssistanceTypeForm.cpp">
      <Filter>Source Files</Filter>
    </ClCompile>
    <ClCompile Include="TodayViewForm.cpp">
      <Filter>Header Files</Filter>
    </ClCompile>
    <ClCompile Include="EditAssistanceForm.cpp">
      <Filter>Header Files</Filter>
    </ClCompile>
    <ClCompile Include="SearchCaseForm.cpp">
      <Filter>Header Files</Filter>
    </ClCompile>
    <ClCompile Include="ReportsForm.cpp">
      <Filter>Header Files</Filter>
    </ClCompile>
    <ClCompile Include="Cases.cpp">
      <Filter>Header Files\Model</Filter>
    </ClCompile>
    <ClCompile Include="SeasonalFinancialAid.cpp">
      <Filter>Header Files\Model</Filter>
    </ClCompile>
    <ClCompile Include="AddCaseForm.cpp">
      <Filter>Source Files</Filter>
    </ClCompile>
    <ClCompile Include="SelectAidForm.cpp">
      <Filter>Source Files</Filter>
    </ClCompile>
    <ClCompile Include="ShowCases.cpp">
      <Filter>Header Files\Pages</Filter>
    </ClCompile>
    <ClCompile Include="MainForm.cpp">
      <Filter>Header Files</Filter>
    </ClCompile>
    <ClCompile Include="CaseProfile.cpp">
      <Filter>Header Files\Pages</Filter>
    </ClCompile>
    <ClCompile Include="AddAidPage.cpp">
      <Filter>Header Files\Pages</Filter>
    </ClCompile>
    <ClCompile Include="Aid.cpp">
      <Filter>Source Files</Filter>
    </ClCompile>
  </ItemGroup>
</Project>